{
  "name": "src",
  "version": "1.0.0",
  "lockfileVersion": 1,
  "requires": true,
  "dependencies": {
    "@aws-cdk/assets": {
      "version": "1.204.0",
      "resolved": "https://registry.npmjs.org/@aws-cdk/assets/-/assets-1.204.0.tgz",
      "integrity": "sha512-rY9YHZ3gUWr+dLwTwSUWYbIfk/AXy4JZRkhLbunrtzjQhH+QMm/2IWIebfBGu+A5AlVRaFbRLonReuGP5WZoUQ==",
      "requires": {
        "@aws-cdk/core": "1.204.0",
        "@aws-cdk/cx-api": "1.204.0",
        "constructs": "^3.3.69"
      }
    },
    "@aws-cdk/aws-cloudwatch": {
      "version": "1.204.0",
      "resolved": "https://registry.npmjs.org/@aws-cdk/aws-cloudwatch/-/aws-cloudwatch-1.204.0.tgz",
      "integrity": "sha512-ADT2D+4FtB9Zcy/TlF2tswQmjmrPVgORYTkznQQ2SniCODHWzz558+G1RV+IVvWRdH7nYQtV0UEuGZKpffWh2w==",
      "requires": {
        "@aws-cdk/aws-iam": "1.204.0",
        "@aws-cdk/core": "1.204.0",
        "constructs": "^3.3.69"
      }
    },
    "@aws-cdk/aws-ec2": {
      "version": "1.204.0",
      "resolved": "https://registry.npmjs.org/@aws-cdk/aws-ec2/-/aws-ec2-1.204.0.tgz",
      "integrity": "sha512-SoqZEgzdfPW0aa+FQ0CjzbDG+X+sDu6/BnLL2O10lxpa+9Dc1iyArAqNKFJG5KXGJe9ibvQXyNQqEjeGRFc22Q==",
      "requires": {
        "@aws-cdk/aws-cloudwatch": "1.204.0",
        "@aws-cdk/aws-iam": "1.204.0",
        "@aws-cdk/aws-kms": "1.204.0",
        "@aws-cdk/aws-logs": "1.204.0",
        "@aws-cdk/aws-s3": "1.204.0",
        "@aws-cdk/aws-s3-assets": "1.204.0",
        "@aws-cdk/aws-ssm": "1.204.0",
        "@aws-cdk/cloud-assembly-schema": "1.204.0",
        "@aws-cdk/core": "1.204.0",
        "@aws-cdk/cx-api": "1.204.0",
        "@aws-cdk/region-info": "1.204.0",
        "constructs": "^3.3.69"
      }
    },
    "@aws-cdk/aws-events": {
      "version": "1.204.0",
      "resolved": "https://registry.npmjs.org/@aws-cdk/aws-events/-/aws-events-1.204.0.tgz",
      "integrity": "sha512-KnfUmtv+4RhydD9+5CHFxNJxtgn7+Xftwfwg1G7qV/tWYPFHcNIvhlSOgwDrQPa+pTo1MmkiUN0lAR0G8B/cbw==",
      "requires": {
        "@aws-cdk/aws-iam": "1.204.0",
        "@aws-cdk/core": "1.204.0",
        "constructs": "^3.3.69"
      }
    },
    "@aws-cdk/aws-iam": {
      "version": "1.204.0",
      "resolved": "https://registry.npmjs.org/@aws-cdk/aws-iam/-/aws-iam-1.204.0.tgz",
      "integrity": "sha512-Fh2egW3v/uDdw3m4jvcupS7COL/+sJl2NHjz9l298ddyMxqDwJD2NQwE8mvgPLK4rDtAtDnE0c8RS6d+NWiC+w==",
      "requires": {
        "@aws-cdk/core": "1.204.0",
        "@aws-cdk/cx-api": "1.204.0",
        "@aws-cdk/region-info": "1.204.0",
        "constructs": "^3.3.69"
      }
    },
    "@aws-cdk/aws-kms": {
      "version": "1.204.0",
      "resolved": "https://registry.npmjs.org/@aws-cdk/aws-kms/-/aws-kms-1.204.0.tgz",
      "integrity": "sha512-iryZQ428L1VUVQ0zE96XTWWX7ANVtDrb6x+ZXXLTVUEPgjEd/W6zlcp++Qi0A3a9HLNd4PbEhK9rs0UKNTylzw==",
      "requires": {
        "@aws-cdk/aws-iam": "1.204.0",
        "@aws-cdk/cloud-assembly-schema": "1.204.0",
        "@aws-cdk/core": "1.204.0",
        "@aws-cdk/cx-api": "1.204.0",
        "constructs": "^3.3.69"
      }
    },
    "@aws-cdk/aws-logs": {
      "version": "1.204.0",
      "resolved": "https://registry.npmjs.org/@aws-cdk/aws-logs/-/aws-logs-1.204.0.tgz",
      "integrity": "sha512-PuHsDSkX6JFBgldxViGw91eFLageJ2cX89/RyLbWaJJUV4tlUKXSmmkVgOaBmvil0QKuGqbOzLXcXCoIK9Sg3A==",
      "requires": {
        "@aws-cdk/aws-cloudwatch": "1.204.0",
        "@aws-cdk/aws-iam": "1.204.0",
        "@aws-cdk/aws-kms": "1.204.0",
        "@aws-cdk/aws-s3-assets": "1.204.0",
        "@aws-cdk/core": "1.204.0",
        "@aws-cdk/cx-api": "1.204.0",
        "constructs": "^3.3.69"
      }
    },
    "@aws-cdk/aws-s3": {
      "version": "1.204.0",
      "resolved": "https://registry.npmjs.org/@aws-cdk/aws-s3/-/aws-s3-1.204.0.tgz",
      "integrity": "sha512-jsQ4n1L4MdPYDirBoOYgg7yzSk1TaFYo4dnwDlKiLJ5LcHG3Nai1cHb9XQbCy/9KKqbWsbd3WlkH+vcWEl8EUA==",
      "requires": {
        "@aws-cdk/aws-events": "1.204.0",
        "@aws-cdk/aws-iam": "1.204.0",
        "@aws-cdk/aws-kms": "1.204.0",
        "@aws-cdk/core": "1.204.0",
        "@aws-cdk/cx-api": "1.204.0",
        "constructs": "^3.3.69"
      }
    },
    "@aws-cdk/aws-s3-assets": {
      "version": "1.204.0",
      "resolved": "https://registry.npmjs.org/@aws-cdk/aws-s3-assets/-/aws-s3-assets-1.204.0.tgz",
      "integrity": "sha512-3MQbVZ95wW29Bl63tqu0Bz0td3osLyGg352l5G7Ztf3nK35FpuQlgxO4kcu74+s2sRwdd/R4KFV6eWhhPk+J7g==",
      "requires": {
        "@aws-cdk/assets": "1.204.0",
        "@aws-cdk/aws-iam": "1.204.0",
        "@aws-cdk/aws-kms": "1.204.0",
        "@aws-cdk/aws-s3": "1.204.0",
        "@aws-cdk/core": "1.204.0",
        "@aws-cdk/cx-api": "1.204.0",
        "constructs": "^3.3.69"
      }
    },
    "@aws-cdk/aws-ssm": {
      "version": "1.204.0",
      "resolved": "https://registry.npmjs.org/@aws-cdk/aws-ssm/-/aws-ssm-1.204.0.tgz",
      "integrity": "sha512-yYx7HZ8cWNXDAmX/99WkB477QhLoV2rcB8orei8aj7nRkNq5TMjeox0IJaZVgU+edNEDOi1fVX3flh0SAMiUrg==",
      "requires": {
        "@aws-cdk/aws-iam": "1.204.0",
        "@aws-cdk/aws-kms": "1.204.0",
        "@aws-cdk/cloud-assembly-schema": "1.204.0",
        "@aws-cdk/core": "1.204.0",
        "constructs": "^3.3.69"
      }
    },
    "@aws-cdk/cdk": {
      "version": "0.36.1",
      "resolved": "https://registry.npmjs.org/@aws-cdk/cdk/-/cdk-0.36.1.tgz",
      "integrity": "sha512-zANjIxZZM/sFns5zUbGEBikZcF4m+77aNQ6o6vcQkVcglky9peZ0q7T4urngSDP/QHnjsqpp6QrJaLSvjcInJg=="
    },
    "@aws-cdk/cloud-assembly-schema": {
      "version": "1.204.0",
      "resolved": "https://registry.npmjs.org/@aws-cdk/cloud-assembly-schema/-/cloud-assembly-schema-1.204.0.tgz",
      "integrity": "sha512-DMNSR4DNKMNNfhOq1UizwZvesOKdhk3R3gRigrvWBHIkHMQg+W6aZFl7WZLKSBkChAXhIsH///psjhDQ20gl1w==",
      "requires": {
        "jsonschema": "^1.4.1",
        "semver": "^7.3.8"
      },
      "dependencies": {
        "jsonschema": {
          "version": "1.4.1",
          "bundled": true
        },
        "lru-cache": {
          "version": "6.0.0",
          "bundled": true,
          "requires": {
            "yallist": "^4.0.0"
          }
        },
        "semver": {
          "version": "7.3.8",
          "bundled": true,
          "requires": {
            "lru-cache": "^6.0.0"
          }
        },
        "yallist": {
          "version": "4.0.0",
          "bundled": true
        }
      }
    },
    "@aws-cdk/core": {
      "version": "1.204.0",
      "resolved": "https://registry.npmjs.org/@aws-cdk/core/-/core-1.204.0.tgz",
      "integrity": "sha512-yO/flJ9ihpzRhLTEqlbdbuPGtyyghHiiQPkUTLslwUM5vThVTbpgvW4UQHSGqytyst4MYXrN2jQn2RkwIRU57g==",
      "requires": {
        "@aws-cdk/cloud-assembly-schema": "1.204.0",
        "@aws-cdk/cx-api": "1.204.0",
        "@aws-cdk/region-info": "1.204.0",
        "@balena/dockerignore": "^1.0.2",
        "constructs": "^3.3.69",
        "fs-extra": "^9.1.0",
        "ignore": "^5.2.4",
        "minimatch": "^3.1.2"
      },
      "dependencies": {
        "@balena/dockerignore": {
          "version": "1.0.2",
          "bundled": true
        },
        "at-least-node": {
          "version": "1.0.0",
          "bundled": true
        },
        "balanced-match": {
          "version": "1.0.2",
          "bundled": true
        },
        "brace-expansion": {
          "version": "1.1.11",
          "bundled": true,
          "requires": {
            "balanced-match": "^1.0.0",
            "concat-map": "0.0.1"
          }
        },
        "concat-map": {
          "version": "0.0.1",
          "bundled": true
        },
        "fs-extra": {
          "version": "9.1.0",
          "bundled": true,
          "requires": {
            "at-least-node": "^1.0.0",
            "graceful-fs": "^4.2.0",
            "jsonfile": "^6.0.1",
            "universalify": "^2.0.0"
          }
        },
        "graceful-fs": {
          "version": "4.2.10",
          "bundled": true
        },
        "ignore": {
          "version": "5.2.4",
          "bundled": true
        },
        "jsonfile": {
          "version": "6.1.0",
          "bundled": true,
          "requires": {
            "graceful-fs": "^4.1.6",
            "universalify": "^2.0.0"
          }
        },
        "minimatch": {
          "version": "3.1.2",
          "bundled": true,
          "requires": {
            "brace-expansion": "^1.1.7"
          }
        },
        "universalify": {
          "version": "2.0.0",
          "bundled": true
        }
      }
    },
    "@aws-cdk/cx-api": {
      "version": "1.204.0",
      "resolved": "https://registry.npmjs.org/@aws-cdk/cx-api/-/cx-api-1.204.0.tgz",
      "integrity": "sha512-Juh/jL1kFPD5JcI9Uu6X0mM2L6hBCN5grdjSS40F8dThbH25VPzFBejaKjiy5nP1UZB83X+HW3utYOEi97DqxA==",
      "requires": {
        "@aws-cdk/cloud-assembly-schema": "1.204.0",
        "semver": "^7.3.8"
      },
      "dependencies": {
        "lru-cache": {
          "version": "6.0.0",
          "bundled": true,
          "requires": {
            "yallist": "^4.0.0"
          }
        },
        "semver": {
          "version": "7.3.8",
          "bundled": true,
          "requires": {
            "lru-cache": "^6.0.0"
          }
        },
        "yallist": {
          "version": "4.0.0",
          "bundled": true
        }
      }
    },
    "@aws-cdk/region-info": {
      "version": "1.204.0",
      "resolved": "https://registry.npmjs.org/@aws-cdk/region-info/-/region-info-1.204.0.tgz",
      "integrity": "sha512-lPkYJNoN4Gjlf0Fdfgcd1RTm5RD9qtfaFMwVvTn2KGTr7ZqmFskGQ9FqIcd5vd6GmsbAL8OrFOToLr1AHDuOiQ=="
    },
    "@types/node": {
      "version": "14.18.53",
      "resolved": "https://registry.npmjs.org/@types/node/-/node-14.18.53.tgz",
      "integrity": "sha512-soGmOpVBUq+gaBMwom1M+krC/NNbWlosh4AtGA03SyWNDiqSKtwp7OulO1M6+mg8YkHMvJ/y0AkCeO8d1hNb7A==",
      "dev": true
    },
    "constructs": {
      "version": "3.4.344",
      "resolved": "https://registry.npmjs.org/constructs/-/constructs-3.4.344.tgz",
      "integrity": "sha512-Qq3upn44oGdvgasHUKWVFsrynyYrtVRd9fd8ko9cJOrFzx9eCm3iI4bhBryQqaISdausbTYUOXmoEe/YSJ16Nw=="
    },
    "typescript": {
      "version": "3.9.10",
      "resolved": "https://registry.npmjs.org/typescript/-/typescript-3.9.10.tgz",
      "integrity": "sha512-w6fIxVE/H1PkLKcCPsFqKE7Kv7QUwhU8qQY2MueZXWx5cPZdwFupLgKK3vntcK98BtNHZtAF4LA/yl2a7k8R6Q==",
      "dev": true
    }
  }
}
